
Microsoft Visual Studio Solution File, Format Version 12.00
# Visual Studio Version 17
VisualStudioVersion = 17.13.35913.81 d17.13
MinimumVisualStudioVersion = 10.0.40219.1
Project("{FAE04EC0-301F-11D3-BF4B-00C04F79EFBC}") = "ScoutStamp", "ScoutStamp\ScoutStamp.csproj", "{044D4890-889B-4695-B826-2B49A677C023}"
EndProject
Global
	GlobalSection(SolutionConfigurationPlatforms) = preSolution
		Debug|Any CPU = Debug|Any CPU
		Release|Any CPU = Release|Any CPU
	EndGlobalSection
	GlobalSection(ProjectConfigurationPlatforms) = postSolution
		{044D4890-889B-4695-B826-2B49A677C023}.Debug|Any CPU.ActiveCfg = Debug|Any CPU
		{044D4890-889B-4695-B826-2B49A677C023}.Debug|Any CPU.Build.0 = Debug|Any CPU
		{044D4890-889B-4695-B826-2B49A677C023}.Release|Any CPU.ActiveCfg = Release|Any CPU
		{044D4890-889B-4695-B826-2B49A677C023}.Release|Any CPU.Build.0 = Release|Any CPU
	EndGlobalSection
	GlobalSection(SolutionProperties) = preSolution
		HideSolutionNode = FALSE
	EndGlobalSection
	GlobalSection(ExtensibilityGlobals) = postSolution
		SolutionGuid = {B721B147-FBEC-4A1E-A141-56B2926289C1}
	EndGlobalSection
EndGlobal
